
Microsoft Visual Studio Solution File, Format Version 12.00
# Visual Studio 15
VisualStudioVersion = 15.0.27703.2035
MinimumVisualStudioVersion = 10.0.40219.1
Project("{FAE04EC0-301F-11D3-BF4B-00C04F79EFBC}") = "App_genesis.Android", "App_genesis\App_genesis.Android\App_genesis.Android.csproj", "{1008F1C7-8734-4E78-A89B-0606C1D8F75B}"
EndProject
Project("{FAE04EC0-301F-11D3-BF4B-00C04F79EFBC}") = "App_genesis.iOS", "App_genesis\App_genesis.iOS\App_genesis.iOS.csproj", "{CB4DCDA7-33E1-4570-90BE-61DC96F9A37C}"
EndProject
Project("{FAE04EC0-301F-11D3-BF4B-00C04F79EFBC}") = "App_genesis", "App_genesis\App_genesis\App_genesis.csproj", "{B68A6255-857C-4D53-BD6A-4E169DA5D601}"
EndProject
Global
	GlobalSection(SolutionConfigurationPlatforms) = preSolution
		Ad-Hoc|Any CPU = Ad-Hoc|Any CPU
		Ad-Hoc|iPhone = Ad-Hoc|iPhone
		Ad-Hoc|iPhoneSimulator = Ad-Hoc|iPhoneSimulator
		AppStore|Any CPU = AppStore|Any CPU
		AppStore|iPhone = AppStore|iPhone
		AppStore|iPhoneSimulator = AppStore|iPhoneSimulator
		Debug|Any CPU = Debug|Any CPU
		Debug|iPhone = Debug|iPhone
		Debug|iPhoneSimulator = Debug|iPhoneSimulator
		Release|Any CPU = Release|Any CPU
		Release|iPhone = Release|iPhone
		Release|iPhoneSimulator = Release|iPhoneSimulator
	EndGlobalSection
	GlobalSection(ProjectConfigurationPlatforms) = postSolution
		{1008F1C7-8734-4E78-A89B-0606C1D8F75B}.Ad-Hoc|Any CPU.ActiveCfg = Release|Any CPU
		{1008F1C7-8734-4E78-A89B-0606C1D8F75B}.Ad-Hoc|Any CPU.Build.0 = Release|Any CPU
		{1008F1C7-8734-4E78-A89B-0606C1D8F75B}.Ad-Hoc|Any CPU.Deploy.0 = Release|Any CPU
		{1008F1C7-8734-4E78-A89B-0606C1D8F75B}.Ad-Hoc|iPhone.ActiveCfg = Release|Any CPU
		{1008F1C7-8734-4E78-A89B-0606C1D8F75B}.Ad-Hoc|iPhone.Build.0 = Release|Any CPU
		{1008F1C7-8734-4E78-A89B-0606C1D8F75B}.Ad-Hoc|iPhone.Deploy.0 = Release|Any CPU
		{1008F1C7-8734-4E78-A89B-0606C1D8F75B}.Ad-Hoc|iPhoneSimulator.ActiveCfg = Release|Any CPU
		{1008F1C7-8734-4E78-A89B-0606C1D8F75B}.Ad-Hoc|iPhoneSimulator.Build.0 = Release|Any CPU
		{1008F1C7-8734-4E78-A89B-0606C1D8F75B}.Ad-Hoc|iPhoneSimulator.Deploy.0 = Release|Any CPU
		{1008F1C7-8734-4E78-A89B-0606C1D8F75B}.AppStore|Any CPU.ActiveCfg = Release|Any CPU
		{1008F1C7-8734-4E78-A89B-0606C1D8F75B}.AppStore|Any CPU.Build.0 = Release|Any CPU
		{1008F1C7-8734-4E78-A89B-0606C1D8F75B}.AppStore|Any CPU.Deploy.0 = Release|Any CPU
		{1008F1C7-8734-4E78-A89B-0606C1D8F75B}.AppStore|iPhone.ActiveCfg = Release|Any CPU
		{1008F1C7-8734-4E78-A89B-0606C1D8F75B}.AppStore|iPhone.Build.0 = Release|Any CPU
		{1008F1C7-8734-4E78-A89B-0606C1D8F75B}.AppStore|iPhone.Deploy.0 = Release|Any CPU
		{1008F1C7-8734-4E78-A89B-0606C1D8F75B}.AppStore|iPhoneSimulator.ActiveCfg = Release|Any CPU
		{1008F1C7-8734-4E78-A89B-0606C1D8F75B}.AppStore|iPhoneSimulator.Build.0 = Release|Any CPU
		{1008F1C7-8734-4E78-A89B-0606C1D8F75B}.AppStore|iPhoneSimulator.Deploy.0 = Release|Any CPU
		{1008F1C7-8734-4E78-A89B-0606C1D8F75B}.Debug|Any CPU.ActiveCfg = Debug|Any CPU
		{1008F1C7-8734-4E78-A89B-0606C1D8F75B}.Debug|Any CPU.Build.0 = Debug|Any CPU
		{1008F1C7-8734-4E78-A89B-0606C1D8F75B}.Debug|Any CPU.Deploy.0 = Debug|Any CPU
		{1008F1C7-8734-4E78-A89B-0606C1D8F75B}.Debug|iPhone.ActiveCfg = Debug|Any CPU
		{1008F1C7-8734-4E78-A89B-0606C1D8F75B}.Debug|iPhone.Build.0 = Debug|Any CPU
		{1008F1C7-8734-4E78-A89B-0606C1D8F75B}.Debug|iPhone.Deploy.0 = Debug|Any CPU
		{1008F1C7-8734-4E78-A89B-0606C1D8F75B}.Debug|iPhoneSimulator.ActiveCfg = Debug|Any CPU
		{1008F1C7-8734-4E78-A89B-0606C1D8F75B}.Debug|iPhoneSimulator.Build.0 = Debug|Any CPU
		{1008F1C7-8734-4E78-A89B-0606C1D8F75B}.Debug|iPhoneSimulator.Deploy.0 = Debug|Any CPU
		{1008F1C7-8734-4E78-A89B-0606C1D8F75B}.Release|Any CPU.ActiveCfg = Release|Any CPU
		{1008F1C7-8734-4E78-A89B-0606C1D8F75B}.Release|Any CPU.Build.0 = Release|Any CPU
		{1008F1C7-8734-4E78-A89B-0606C1D8F75B}.Release|Any CPU.Deploy.0 = Release|Any CPU
		{1008F1C7-8734-4E78-A89B-0606C1D8F75B}.Release|iPhone.ActiveCfg = Release|Any CPU
		{1008F1C7-8734-4E78-A89B-0606C1D8F75B}.Release|iPhone.Build.0 = Release|Any CPU
		{1008F1C7-8734-4E78-A89B-0606C1D8F75B}.Release|iPhone.Deploy.0 = Release|Any CPU
		{1008F1C7-8734-4E78-A89B-0606C1D8F75B}.Release|iPhoneSimulator.ActiveCfg = Release|Any CPU
		{1008F1C7-8734-4E78-A89B-0606C1D8F75B}.Release|iPhoneSimulator.Build.0 = Release|Any CPU
		{1008F1C7-8734-4E78-A89B-0606C1D8F75B}.Release|iPhoneSimulator.Deploy.0 = Release|Any CPU
		{CB4DCDA7-33E1-4570-90BE-61DC96F9A37C}.Ad-Hoc|Any CPU.ActiveCfg = Ad-Hoc|iPhone
		{CB4DCDA7-33E1-4570-90BE-61DC96F9A37C}.Ad-Hoc|Any CPU.Build.0 = Ad-Hoc|iPhone
		{CB4DCDA7-33E1-4570-90BE-61DC96F9A37C}.Ad-Hoc|Any CPU.Deploy.0 = Ad-Hoc|iPhone
		{CB4DCDA7-33E1-4570-90BE-61DC96F9A37C}.Ad-Hoc|iPhone.ActiveCfg = Ad-Hoc|iPhone
		{CB4DCDA7-33E1-4570-90BE-61DC96F9A37C}.Ad-Hoc|iPhone.Build.0 = Ad-Hoc|iPhone
		{CB4DCDA7-33E1-4570-90BE-61DC96F9A37C}.Ad-Hoc|iPhone.Deploy.0 = Ad-Hoc|iPhone
		{CB4DCDA7-33E1-4570-90BE-61DC96F9A37C}.Ad-Hoc|iPhoneSimulator.ActiveCfg = Ad-Hoc|iPhoneSimulator
		{CB4DCDA7-33E1-4570-90BE-61DC96F9A37C}.Ad-Hoc|iPhoneSimulator.Build.0 = Ad-Hoc|iPhoneSimulator
		{CB4DCDA7-33E1-4570-90BE-61DC96F9A37C}.Ad-Hoc|iPhoneSimulator.Deploy.0 = Ad-Hoc|iPhoneSimulator
		{CB4DCDA7-33E1-4570-90BE-61DC96F9A37C}.AppStore|Any CPU.ActiveCfg = AppStore|iPhone
		{CB4DCDA7-33E1-4570-90BE-61DC96F9A37C}.AppStore|Any CPU.Build.0 = AppStore|iPhone
		{CB4DCDA7-33E1-4570-90BE-61DC96F9A37C}.AppStore|Any CPU.Deploy.0 = AppStore|iPhone
		{CB4DCDA7-33E1-4570-90BE-61DC96F9A37C}.AppStore|iPhone.ActiveCfg = AppStore|iPhone
		{CB4DCDA7-33E1-4570-90BE-61DC96F9A37C}.AppStore|iPhone.Build.0 = AppStore|iPhone
		{CB4DCDA7-33E1-4570-90BE-61DC96F9A37C}.AppStore|iPhone.Deploy.0 = AppStore|iPhone
		{CB4DCDA7-33E1-4570-90BE-61DC96F9A37C}.AppStore|iPhoneSimulator.ActiveCfg = AppStore|iPhoneSimulator
		{CB4DCDA7-33E1-4570-90BE-61DC96F9A37C}.AppStore|iPhoneSimulator.Build.0 = AppStore|iPhoneSimulator
		{CB4DCDA7-33E1-4570-90BE-61DC96F9A37C}.AppStore|iPhoneSimulator.Deploy.0 = AppStore|iPhoneSimulator
		{CB4DCDA7-33E1-4570-90BE-61DC96F9A37C}.Debug|Any CPU.ActiveCfg = Debug|iPhoneSimulator
		{CB4DCDA7-33E1-4570-90BE-61DC96F9A37C}.Debug|Any CPU.Build.0 = Debug|iPhoneSimulator
		{CB4DCDA7-33E1-4570-90BE-61DC96F9A37C}.Debug|Any CPU.Deploy.0 = Debug|iPhoneSimulator
		{CB4DCDA7-33E1-4570-90BE-61DC96F9A37C}.Debug|iPhone.ActiveCfg = Debug|iPhone
		{CB4DCDA7-33E1-4570-90BE-61DC96F9A37C}.Debug|iPhone.Build.0 = Debug|iPhone
		{CB4DCDA7-33E1-4570-90BE-61DC96F9A37C}.Debug|iPhone.Deploy.0 = Debug|iPhone
		{CB4DCDA7-33E1-4570-90BE-61DC96F9A37C}.Debug|iPhoneSimulator.ActiveCfg = Debug|iPhoneSimulator
		{CB4DCDA7-33E1-4570-90BE-61DC96F9A37C}.Debug|iPhoneSimulator.Build.0 = Debug|iPhoneSimulator
		{CB4DCDA7-33E1-4570-90BE-61DC96F9A37C}.Debug|iPhoneSimulator.Deploy.0 = Debug|iPhoneSimulator
		{CB4DCDA7-33E1-4570-90BE-61DC96F9A37C}.Release|Any CPU.ActiveCfg = Release|iPhone
		{CB4DCDA7-33E1-4570-90BE-61DC96F9A37C}.Release|Any CPU.Build.0 = Release|iPhone
		{CB4DCDA7-33E1-4570-90BE-61DC96F9A37C}.Release|Any CPU.Deploy.0 = Release|iPhone
		{CB4DCDA7-33E1-4570-90BE-61DC96F9A37C}.Release|iPhone.ActiveCfg = Release|iPhone
		{CB4DCDA7-33E1-4570-90BE-61DC96F9A37C}.Release|iPhone.Build.0 = Release|iPhone
		{CB4DCDA7-33E1-4570-90BE-61DC96F9A37C}.Release|iPhone.Deploy.0 = Release|iPhone
		{CB4DCDA7-33E1-4570-90BE-61DC96F9A37C}.Release|iPhoneSimulator.ActiveCfg = Release|iPhoneSimulator
		{CB4DCDA7-33E1-4570-90BE-61DC96F9A37C}.Release|iPhoneSimulator.Build.0 = Release|iPhoneSimulator
		{CB4DCDA7-33E1-4570-90BE-61DC96F9A37C}.Release|iPhoneSimulator.Deploy.0 = Release|iPhoneSimulator
		{B68A6255-857C-4D53-BD6A-4E169DA5D601}.Ad-Hoc|Any CPU.ActiveCfg = Debug|Any CPU
		{B68A6255-857C-4D53-BD6A-4E169DA5D601}.Ad-Hoc|Any CPU.Build.0 = Debug|Any CPU
		{B68A6255-857C-4D53-BD6A-4E169DA5D601}.Ad-Hoc|Any CPU.Deploy.0 = Debug|Any CPU
		{B68A6255-857C-4D53-BD6A-4E169DA5D601}.Ad-Hoc|iPhone.ActiveCfg = Debug|Any CPU
		{B68A6255-857C-4D53-BD6A-4E169DA5D601}.Ad-Hoc|iPhone.Build.0 = Debug|Any CPU
		{B68A6255-857C-4D53-BD6A-4E169DA5D601}.Ad-Hoc|iPhone.Deploy.0 = Debug|Any CPU
		{B68A6255-857C-4D53-BD6A-4E169DA5D601}.Ad-Hoc|iPhoneSimulator.ActiveCfg = Debug|Any CPU
		{B68A6255-857C-4D53-BD6A-4E169DA5D601}.Ad-Hoc|iPhoneSimulator.Build.0 = Debug|Any CPU
		{B68A6255-857C-4D53-BD6A-4E169DA5D601}.Ad-Hoc|iPhoneSimulator.Deploy.0 = Debug|Any CPU
		{B68A6255-857C-4D53-BD6A-4E169DA5D601}.AppStore|Any CPU.ActiveCfg = Debug|Any CPU
		{B68A6255-857C-4D53-BD6A-4E169DA5D601}.AppStore|Any CPU.Build.0 = Debug|Any CPU
		{B68A6255-857C-4D53-BD6A-4E169DA5D601}.AppStore|Any CPU.Deploy.0 = Debug|Any CPU
		{B68A6255-857C-4D53-BD6A-4E169DA5D601}.AppStore|iPhone.ActiveCfg = Debug|Any CPU
		{B68A6255-857C-4D53-BD6A-4E169DA5D601}.AppStore|iPhone.Build.0 = Debug|Any CPU
		{B68A6255-857C-4D53-BD6A-4E169DA5D601}.AppStore|iPhone.Deploy.0 = Debug|Any CPU
		{B68A6255-857C-4D53-BD6A-4E169DA5D601}.AppStore|iPhoneSimulator.ActiveCfg = Debug|Any CPU
		{B68A6255-857C-4D53-BD6A-4E169DA5D601}.AppStore|iPhoneSimulator.Build.0 = Debug|Any CPU
		{B68A6255-857C-4D53-BD6A-4E169DA5D601}.AppStore|iPhoneSimulator.Deploy.0 = Debug|Any CPU
		{B68A6255-857C-4D53-BD6A-4E169DA5D601}.Debug|Any CPU.ActiveCfg = Debug|Any CPU
		{B68A6255-857C-4D53-BD6A-4E169DA5D601}.Debug|Any CPU.Build.0 = Debug|Any CPU
		{B68A6255-857C-4D53-BD6A-4E169DA5D601}.Debug|Any CPU.Deploy.0 = Debug|Any CPU
		{B68A6255-857C-4D53-BD6A-4E169DA5D601}.Debug|iPhone.ActiveCfg = Debug|Any CPU
		{B68A6255-857C-4D53-BD6A-4E169DA5D601}.Debug|iPhone.Build.0 = Debug|Any CPU
		{B68A6255-857C-4D53-BD6A-4E169DA5D601}.Debug|iPhone.Deploy.0 = Debug|Any CPU
		{B68A6255-857C-4D53-BD6A-4E169DA5D601}.Debug|iPhoneSimulator.ActiveCfg = Debug|Any CPU
		{B68A6255-857C-4D53-BD6A-4E169DA5D601}.Debug|iPhoneSimulator.Build.0 = Debug|Any CPU
		{B68A6255-857C-4D53-BD6A-4E169DA5D601}.Debug|iPhoneSimulator.Deploy.0 = Debug|Any CPU
		{B68A6255-857C-4D53-BD6A-4E169DA5D601}.Release|Any CPU.ActiveCfg = Release|Any CPU
		{B68A6255-857C-4D53-BD6A-4E169DA5D601}.Release|Any CPU.Build.0 = Release|Any CPU
		{B68A6255-857C-4D53-BD6A-4E169DA5D601}.Release|Any CPU.Deploy.0 = Release|Any CPU
		{B68A6255-857C-4D53-BD6A-4E169DA5D601}.Release|iPhone.ActiveCfg = Release|Any CPU
		{B68A6255-857C-4D53-BD6A-4E169DA5D601}.Release|iPhone.Build.0 = Release|Any CPU
		{B68A6255-857C-4D53-BD6A-4E169DA5D601}.Release|iPhone.Deploy.0 = Release|Any CPU
		{B68A6255-857C-4D53-BD6A-4E169DA5D601}.Release|iPhoneSimulator.ActiveCfg = Release|Any CPU
		{B68A6255-857C-4D53-BD6A-4E169DA5D601}.Release|iPhoneSimulator.Build.0 = Release|Any CPU
		{B68A6255-857C-4D53-BD6A-4E169DA5D601}.Release|iPhoneSimulator.Deploy.0 = Release|Any CPU
	EndGlobalSection
	GlobalSection(SolutionProperties) = preSolution
		HideSolutionNode = FALSE
	EndGlobalSection
	GlobalSection(ExtensibilityGlobals) = postSolution
		SolutionGuid = {13C45C4E-DB34-4E2C-8C1A-2749160D9FBC}
	EndGlobalSection
EndGlobal
